
Microsoft Visual Studio Solution File, Format Version 12.00
# Visual Studio Version 17
VisualStudioVersion = 17.3.32922.545
MinimumVisualStudioVersion = 10.0.40219.1
Project("{FAE04EC0-301F-11D3-BF4B-00C04F79EFBC}") = "Calculator", "Calculator\Calculator.csproj", "{79DE908D-0E3A-4B0A-8038-96AB62EF668D}"
EndProject
Global
	GlobalSection(SolutionConfigurationPlatforms) = preSolution
		Debug|Any CPU = Debug|Any CPU
		Release|Any CPU = Release|Any CPU
	EndGlobalSection
	GlobalSection(ProjectConfigurationPlatforms) = postSolution
		{79DE908D-0E3A-4B0A-8038-96AB62EF668D}.Debug|Any CPU.ActiveCfg = Debug|Any CPU
		{79DE908D-0E3A-4B0A-8038-96AB62EF668D}.Debug|Any CPU.Build.0 = Debug|Any CPU
		{79DE908D-0E3A-4B0A-8038-96AB62EF668D}.Release|Any CPU.ActiveCfg = Release|Any CPU
		{79DE908D-0E3A-4B0A-8038-96AB62EF668D}.Release|Any CPU.Build.0 = Release|Any CPU
	EndGlobalSection
	GlobalSection(SolutionProperties) = preSolution
		HideSolutionNode = FALSE
	EndGlobalSection
	GlobalSection(ExtensibilityGlobals) = postSolution
		SolutionGuid = {F2FFC462-DBA1-4205-9BC0-7B320CEF1F29}
	EndGlobalSection
EndGlobal
